{
  "requires": true,
  "lockfileVersion": 1,
  "dependencies": {
    "@types/popper.js": {
      "version": "1.11.0",
      "resolved": "https://registry.npmjs.org/@types/popper.js/-/popper.js-1.11.0.tgz",
      "integrity": "sha512-1SDEDA6VacGAqDOmwbMcJD39bg0sHbM8y6LHOV3CMxyDBRrwTodRyIIj5f4eR/nlgpeyPoG1fKXqbkRmg+5yRg==",
      "requires": {
        "popper.js": "1.16.0"
      }
    },
    "popper.js": {
      "version": "1.16.0",
      "resolved": "https://registry.npmjs.org/popper.js/-/popper.js-1.16.0.tgz",
      "integrity": "sha512-+G+EkOPoE5S/zChTpmBSSDYmhXJ5PsW8eMhH8cP/CQHMFPBG/kC9Y5IIw6qNYgdJ+/COf0ddY2li28iHaZRSjw=="
    }
  }
}
